// !$*UTF8*$!
{
	archiveVersion = 1;
	classes = {
	};
	objectVersion = 55;
	objects = {

/* Begin PBXBuildFile section */
		E5145C622848683300B9555F /* LoadingFooterView.swift in Sources */ = {isa = PBXBuildFile; fileRef = E5145C612848683300B9555F /* LoadingFooterView.swift */; };
		E51A37852840F64B00DF074B /* AppDelegate.swift in Sources */ = {isa = PBXBuildFile; fileRef = E51A37842840F64B00DF074B /* AppDelegate.swift */; };
		E51A37872840F64B00DF074B /* SceneDelegate.swift in Sources */ = {isa = PBXBuildFile; fileRef = E51A37862840F64B00DF074B /* SceneDelegate.swift */; };
		E51A37892840F64B00DF074B /* MemoViewController.swift in Sources */ = {isa = PBXBuildFile; fileRef = E51A37882840F64B00DF074B /* MemoViewController.swift */; };
		E51A378E2840F64D00DF074B /* Assets.xcassets in Resources */ = {isa = PBXBuildFile; fileRef = E51A378D2840F64D00DF074B /* Assets.xcassets */; };
		E51A37912840F64D00DF074B /* LaunchScreen.storyboard in Resources */ = {isa = PBXBuildFile; fileRef = E51A378F2840F64D00DF074B /* LaunchScreen.storyboard */; };
		E51A37992840FA3200DF074B /* TabBarController.swift in Sources */ = {isa = PBXBuildFile; fileRef = E51A37982840FA3200DF074B /* TabBarController.swift */; };
		E51A379C2840FA4E00DF074B /* SnapKit in Frameworks */ = {isa = PBXBuildFile; productRef = E51A379B2840FA4E00DF074B /* SnapKit */; };
		E51A379F2840FA7B00DF074B /* SettingsViewController.swift in Sources */ = {isa = PBXBuildFile; fileRef = E51A379E2840FA7B00DF074B /* SettingsViewController.swift */; };
		E51A37A42840FDC400DF074B /* UIColor+Extensions.swift in Sources */ = {isa = PBXBuildFile; fileRef = E51A37A32840FDC400DF074B /* UIColor+Extensions.swift */; };
		E5569B3F285E4D56007D927B /* Utilities.swift in Sources */ = {isa = PBXBuildFile; fileRef = E5569B3E285E4D56007D927B /* Utilities.swift */; };
		E56B60C0284787F1003679CC /* Kingfisher in Frameworks */ = {isa = PBXBuildFile; productRef = E56B60BF284787F1003679CC /* Kingfisher */; };
		E592B5D8285B91E000E60FAC /* CollectionViewFooter.swift in Sources */ = {isa = PBXBuildFile; fileRef = E592B5D7285B91E000E60FAC /* CollectionViewFooter.swift */; };
		E59760CC285C163500BA3DB0 /* BasicCollectionViewCell.swift in Sources */ = {isa = PBXBuildFile; fileRef = E59760CB285C163500BA3DB0 /* BasicCollectionViewCell.swift */; };
		E59760CE285C171E00BA3DB0 /* LibraryViewController.swift in Sources */ = {isa = PBXBuildFile; fileRef = E59760CD285C171E00BA3DB0 /* LibraryViewController.swift */; };
		E59760D0285C228A00BA3DB0 /* BookDetailViewController.swift in Sources */ = {isa = PBXBuildFile; fileRef = E59760CF285C228A00BA3DB0 /* BookDetailViewController.swift */; };
		E59760D3285C675A00BA3DB0 /* Toast in Frameworks */ = {isa = PBXBuildFile; productRef = E59760D2285C675A00BA3DB0 /* Toast */; };
		E59760D9285C763600BA3DB0 /* PanModal in Frameworks */ = {isa = PBXBuildFile; productRef = E59760D8285C763600BA3DB0 /* PanModal */; };
		E59760DB285C774700BA3DB0 /* SelectLibraryViewController.swift in Sources */ = {isa = PBXBuildFile; fileRef = E59760DA285C774700BA3DB0 /* SelectLibraryViewController.swift */; };
		E59760DE285C834200BA3DB0 /* Tabman in Frameworks */ = {isa = PBXBuildFile; productRef = E59760DD285C834200BA3DB0 /* Tabman */; };
		E59760E1285C869100BA3DB0 /* AllViewController.swift in Sources */ = {isa = PBXBuildFile; fileRef = E59760E0285C869100BA3DB0 /* AllViewController.swift */; };
		E59760E3285C86B100BA3DB0 /* ReadingViewController.swift in Sources */ = {isa = PBXBuildFile; fileRef = E59760E2285C86B100BA3DB0 /* ReadingViewController.swift */; };
		E59760E5285C86BC00BA3DB0 /* WillReadViewController.swift in Sources */ = {isa = PBXBuildFile; fileRef = E59760E4285C86BC00BA3DB0 /* WillReadViewController.swift */; };
		E59760E7285C86C400BA3DB0 /* DoneReadViewController.swift in Sources */ = {isa = PBXBuildFile; fileRef = E59760E6285C86C400BA3DB0 /* DoneReadViewController.swift */; };
		E59760E9285CA40D00BA3DB0 /* LibraryManager.swift in Sources */ = {isa = PBXBuildFile; fileRef = E59760E8285CA40D00BA3DB0 /* LibraryManager.swift */; };
		E59760EB285CABE200BA3DB0 /* LibraryCollectionViewCell.swift in Sources */ = {isa = PBXBuildFile; fileRef = E59760EA285CABE200BA3DB0 /* LibraryCollectionViewCell.swift */; };
		E5A3623D285D6F830023BE49 /* UserDefaultsManager.swift in Sources */ = {isa = PBXBuildFile; fileRef = E5A3623C285D6F830023BE49 /* UserDefaultsManager.swift */; };
		E5A3623F285D72D30023BE49 /* LibraryBook.swift in Sources */ = {isa = PBXBuildFile; fileRef = E5A3623E285D72D30023BE49 /* LibraryBook.swift */; };
		E5A36241285D94E60023BE49 /* WriteReviewViewController.swift in Sources */ = {isa = PBXBuildFile; fileRef = E5A36240285D94E60023BE49 /* WriteReviewViewController.swift */; };
		E5A36243285DAFD50023BE49 /* LibraryDetailBookmarkCollectionViewCell.swift in Sources */ = {isa = PBXBuildFile; fileRef = E5A36242285DAFD50023BE49 /* LibraryDetailBookmarkCollectionViewCell.swift */; };
		E5A36252285DD22D0023BE49 /* RSKPlaceholderTextView in Frameworks */ = {isa = PBXBuildFile; productRef = E5A36251285DD22D0023BE49 /* RSKPlaceholderTextView */; };
		E5A36255285DD3EF0023BE49 /* JVFloatLabeledTextField in Frameworks */ = {isa = PBXBuildFile; productRef = E5A36254285DD3EF0023BE49 /* JVFloatLabeledTextField */; };
		E5A36257285DE9470023BE49 /* Bookmark.swift in Sources */ = {isa = PBXBuildFile; fileRef = E5A36256285DE9470023BE49 /* Bookmark.swift */; };
		E5A6915D284639CF009F6048 /* Alamofire in Frameworks */ = {isa = PBXBuildFile; productRef = E5A6915C284639CF009F6048 /* Alamofire */; };
		E5A69160284639EE009F6048 /* SearchService.swift in Sources */ = {isa = PBXBuildFile; fileRef = E5A6915F284639EE009F6048 /* SearchService.swift */; };
		E5A6916528463A7E009F6048 /* BookResponseModel.swift in Sources */ = {isa = PBXBuildFile; fileRef = E5A6916428463A7E009F6048 /* BookResponseModel.swift */; };
		E5A6916728464372009F6048 /* SearchViewController.swift in Sources */ = {isa = PBXBuildFile; fileRef = E5A6916628464372009F6048 /* SearchViewController.swift */; };
		E5A6916B2846588E009F6048 /* BookListCell.swift in Sources */ = {isa = PBXBuildFile; fileRef = E5A6916A2846588E009F6048 /* BookListCell.swift */; };
		E5A6916D284659A7009F6048 /* SearchViewModel.swift in Sources */ = {isa = PBXBuildFile; fileRef = E5A6916C284659A7009F6048 /* SearchViewModel.swift */; };
		E5C75BAC285B2DCD00EF917E /* RxCocoa in Frameworks */ = {isa = PBXBuildFile; productRef = E5C75BAB285B2DCD00EF917E /* RxCocoa */; };
		E5C75BAE285B2DCD00EF917E /* RxSwift in Frameworks */ = {isa = PBXBuildFile; productRef = E5C75BAD285B2DCD00EF917E /* RxSwift */; };
		E5C75BB2285B32A600EF917E /* ReadingCollectionViewCell.swift in Sources */ = {isa = PBXBuildFile; fileRef = E5C75BB1285B32A600EF917E /* ReadingCollectionViewCell.swift */; };
		E5F2F1E02841B421007CF7C6 /* MainViewModel.swift in Sources */ = {isa = PBXBuildFile; fileRef = E5F2F1DF2841B421007CF7C6 /* MainViewModel.swift */; };
		E5F2F1E62841C16E007CF7C6 /* CollectionViewHeader.swift in Sources */ = {isa = PBXBuildFile; fileRef = E5F2F1E52841C16E007CF7C6 /* CollectionViewHeader.swift */; };
		E5F3A9B5285CE0DC000E0E7D /* LibraryDetailViewController.swift in Sources */ = {isa = PBXBuildFile; fileRef = E5F3A9B4285CE0DC000E0E7D /* LibraryDetailViewController.swift */; };
/* End PBXBuildFile section */

/* Begin PBXFileReference section */
		E5145C612848683300B9555F /* LoadingFooterView.swift */ = {isa = PBXFileReference; lastKnownFileType = sourcecode.swift; path = LoadingFooterView.swift; sourceTree = "<group>"; };
		E51A37812840F64B00DF074B /* Bukku.app */ = {isa = PBXFileReference; explicitFileType = wrapper.application; includeInIndex = 0; path = Bukku.app; sourceTree = BUILT_PRODUCTS_DIR; };
		E51A37842840F64B00DF074B /* AppDelegate.swift */ = {isa = PBXFileReference; lastKnownFileType = sourcecode.swift; path = AppDelegate.swift; sourceTree = "<group>"; };
		E51A37862840F64B00DF074B /* SceneDelegate.swift */ = {isa = PBXFileReference; lastKnownFileType = sourcecode.swift; path = SceneDelegate.swift; sourceTree = "<group>"; };
		E51A37882840F64B00DF074B /* MemoViewController.swift */ = {isa = PBXFileReference; lastKnownFileType = sourcecode.swift; path = MemoViewController.swift; sourceTree = "<group>"; };
		E51A378D2840F64D00DF074B /* Assets.xcassets */ = {isa = PBXFileReference; lastKnownFileType = folder.assetcatalog; path = Assets.xcassets; sourceTree = "<group>"; };
		E51A37902840F64D00DF074B /* Base */ = {isa = PBXFileReference; lastKnownFileType = file.storyboard; name = Base; path = Base.lproj/LaunchScreen.storyboard; sourceTree = "<group>"; };
		E51A37922840F64D00DF074B /* Info.plist */ = {isa = PBXFileReference; lastKnownFileType = text.plist.xml; path = Info.plist; sourceTree = "<group>"; };
		E51A37982840FA3200DF074B /* TabBarController.swift */ = {isa = PBXFileReference; lastKnownFileType = sourcecode.swift; path = TabBarController.swift; sourceTree = "<group>"; };
		E51A379E2840FA7B00DF074B /* SettingsViewController.swift */ = {isa = PBXFileReference; lastKnownFileType = sourcecode.swift; path = SettingsViewController.swift; sourceTree = "<group>"; };
		E51A37A32840FDC400DF074B /* UIColor+Extensions.swift */ = {isa = PBXFileReference; lastKnownFileType = sourcecode.swift; path = "UIColor+Extensions.swift"; sourceTree = "<group>"; };
		E5569B3E285E4D56007D927B /* Utilities.swift */ = {isa = PBXFileReference; lastKnownFileType = sourcecode.swift; path = Utilities.swift; sourceTree = "<group>"; };
		E592B5D7285B91E000E60FAC /* CollectionViewFooter.swift */ = {isa = PBXFileReference; lastKnownFileType = sourcecode.swift; path = CollectionViewFooter.swift; sourceTree = "<group>"; };
		E59760CB285C163500BA3DB0 /* BasicCollectionViewCell.swift */ = {isa = PBXFileReference; lastKnownFileType = sourcecode.swift; path = BasicCollectionViewCell.swift; sourceTree = "<group>"; };
		E59760CD285C171E00BA3DB0 /* LibraryViewController.swift */ = {isa = PBXFileReference; lastKnownFileType = sourcecode.swift; path = LibraryViewController.swift; sourceTree = "<group>"; };
		E59760CF285C228A00BA3DB0 /* BookDetailViewController.swift */ = {isa = PBXFileReference; lastKnownFileType = sourcecode.swift; path = BookDetailViewController.swift; sourceTree = "<group>"; };
		E59760DA285C774700BA3DB0 /* SelectLibraryViewController.swift */ = {isa = PBXFileReference; lastKnownFileType = sourcecode.swift; path = SelectLibraryViewController.swift; sourceTree = "<group>"; };
		E59760E0285C869100BA3DB0 /* AllViewController.swift */ = {isa = PBXFileReference; lastKnownFileType = sourcecode.swift; path = AllViewController.swift; sourceTree = "<group>"; };
		E59760E2285C86B100BA3DB0 /* ReadingViewController.swift */ = {isa = PBXFileReference; lastKnownFileType = sourcecode.swift; path = ReadingViewController.swift; sourceTree = "<group>"; };
		E59760E4285C86BC00BA3DB0 /* WillReadViewController.swift */ = {isa = PBXFileReference; lastKnownFileType = sourcecode.swift; path = WillReadViewController.swift; sourceTree = "<group>"; };
		E59760E6285C86C400BA3DB0 /* DoneReadViewController.swift */ = {isa = PBXFileReference; lastKnownFileType = sourcecode.swift; path = DoneReadViewController.swift; sourceTree = "<group>"; };
		E59760E8285CA40D00BA3DB0 /* LibraryManager.swift */ = {isa = PBXFileReference; lastKnownFileType = sourcecode.swift; path = LibraryManager.swift; sourceTree = "<group>"; };
		E59760EA285CABE200BA3DB0 /* LibraryCollectionViewCell.swift */ = {isa = PBXFileReference; lastKnownFileType = sourcecode.swift; path = LibraryCollectionViewCell.swift; sourceTree = "<group>"; };
		E5A3623C285D6F830023BE49 /* UserDefaultsManager.swift */ = {isa = PBXFileReference; lastKnownFileType = sourcecode.swift; path = UserDefaultsManager.swift; sourceTree = "<group>"; };
		E5A3623E285D72D30023BE49 /* LibraryBook.swift */ = {isa = PBXFileReference; lastKnownFileType = sourcecode.swift; path = LibraryBook.swift; sourceTree = "<group>"; };
		E5A36240285D94E60023BE49 /* WriteReviewViewController.swift */ = {isa = PBXFileReference; lastKnownFileType = sourcecode.swift; path = WriteReviewViewController.swift; sourceTree = "<group>"; };
		E5A36242285DAFD50023BE49 /* LibraryDetailBookmarkCollectionViewCell.swift */ = {isa = PBXFileReference; lastKnownFileType = sourcecode.swift; path = LibraryDetailBookmarkCollectionViewCell.swift; sourceTree = "<group>"; };
		E5A36256285DE9470023BE49 /* Bookmark.swift */ = {isa = PBXFileReference; lastKnownFileType = sourcecode.swift; path = Bookmark.swift; sourceTree = "<group>"; };
		E5A6915F284639EE009F6048 /* SearchService.swift */ = {isa = PBXFileReference; lastKnownFileType = sourcecode.swift; path = SearchService.swift; sourceTree = "<group>"; };
		E5A6916428463A7E009F6048 /* BookResponseModel.swift */ = {isa = PBXFileReference; lastKnownFileType = sourcecode.swift; path = BookResponseModel.swift; sourceTree = "<group>"; };
		E5A6916628464372009F6048 /* SearchViewController.swift */ = {isa = PBXFileReference; lastKnownFileType = sourcecode.swift; path = SearchViewController.swift; sourceTree = "<group>"; };
		E5A6916A2846588E009F6048 /* BookListCell.swift */ = {isa = PBXFileReference; lastKnownFileType = sourcecode.swift; path = BookListCell.swift; sourceTree = "<group>"; };
		E5A6916C284659A7009F6048 /* SearchViewModel.swift */ = {isa = PBXFileReference; lastKnownFileType = sourcecode.swift; path = SearchViewModel.swift; sourceTree = "<group>"; };
		E5C75BB1285B32A600EF917E /* ReadingCollectionViewCell.swift */ = {isa = PBXFileReference; lastKnownFileType = sourcecode.swift; path = ReadingCollectionViewCell.swift; sourceTree = "<group>"; };
		E5F2F1DF2841B421007CF7C6 /* MainViewModel.swift */ = {isa = PBXFileReference; lastKnownFileType = sourcecode.swift; path = MainViewModel.swift; sourceTree = "<group>"; };
		E5F2F1E52841C16E007CF7C6 /* CollectionViewHeader.swift */ = {isa = PBXFileReference; lastKnownFileType = sourcecode.swift; path = CollectionViewHeader.swift; sourceTree = "<group>"; };
		E5F3A9B4285CE0DC000E0E7D /* LibraryDetailViewController.swift */ = {isa = PBXFileReference; lastKnownFileType = sourcecode.swift; path = LibraryDetailViewController.swift; sourceTree = "<group>"; };
/* End PBXFileReference section */

/* Begin PBXFrameworksBuildPhase section */
		E51A377E2840F64B00DF074B /* Frameworks */ = {
			isa = PBXFrameworksBuildPhase;
			buildActionMask = 2147483647;
			files = (
				E5C75BAE285B2DCD00EF917E /* RxSwift in Frameworks */,
				E5A36255285DD3EF0023BE49 /* JVFloatLabeledTextField in Frameworks */,
				E59760DE285C834200BA3DB0 /* Tabman in Frameworks */,
				E56B60C0284787F1003679CC /* Kingfisher in Frameworks */,
				E5A6915D284639CF009F6048 /* Alamofire in Frameworks */,
				E59760D9285C763600BA3DB0 /* PanModal in Frameworks */,
				E5C75BAC285B2DCD00EF917E /* RxCocoa in Frameworks */,
				E51A379C2840FA4E00DF074B /* SnapKit in Frameworks */,
				E5A36252285DD22D0023BE49 /* RSKPlaceholderTextView in Frameworks */,
				E59760D3285C675A00BA3DB0 /* Toast in Frameworks */,
			);
			runOnlyForDeploymentPostprocessing = 0;
		};
/* End PBXFrameworksBuildPhase section */

/* Begin PBXGroup section */
		E51A37782840F64A00DF074B = {
			isa = PBXGroup;
			children = (
				E51A37832840F64B00DF074B /* Bukku */,
				E51A37822840F64B00DF074B /* Products */,
			);
			sourceTree = "<group>";
		};
		E51A37822840F64B00DF074B /* Products */ = {
			isa = PBXGroup;
			children = (
				E51A37812840F64B00DF074B /* Bukku.app */,
			);
			name = Products;
			sourceTree = "<group>";
		};
		E51A37832840F64B00DF074B /* Bukku */ = {
			isa = PBXGroup;
			children = (
				E51A37842840F64B00DF074B /* AppDelegate.swift */,
				E51A37862840F64B00DF074B /* SceneDelegate.swift */,
				E5A6915E284639DD009F6048 /* Service */,
				E5A6916128463A4A009F6048 /* Model */,
				E5A36247285DCE230023BE49 /* Managers */,
				E5F2F1DE2841B414007CF7C6 /* ViewModels */,
				E51A379D2840FA6300DF074B /* Controllers */,
				E5A36248285DCE370023BE49 /* Cells */,
				E5A3624C285DCE730023BE49 /* Views */,
				E51A37A22840FDAE00DF074B /* Extensions */,
				E51A378D2840F64D00DF074B /* Assets.xcassets */,
				E51A378F2840F64D00DF074B /* LaunchScreen.storyboard */,
				E51A37922840F64D00DF074B /* Info.plist */,
				E5569B3E285E4D56007D927B /* Utilities.swift */,
			);
			path = Bukku;
			sourceTree = "<group>";
		};
		E51A379D2840FA6300DF074B /* Controllers */ = {
			isa = PBXGroup;
			children = (
				E51A379E2840FA7B00DF074B /* SettingsViewController.swift */,
				E51A37982840FA3200DF074B /* TabBarController.swift */,
				E5A36246285DCDEC0023BE49 /* MemoTab */,
				E5A36245285DCDD00023BE49 /* SearchTab */,
				E5A36244285DCDBF0023BE49 /* LibraryTab */,
			);
			path = Controllers;
			sourceTree = "<group>";
		};
		E51A37A22840FDAE00DF074B /* Extensions */ = {
			isa = PBXGroup;
			children = (
				E51A37A32840FDC400DF074B /* UIColor+Extensions.swift */,
			);
			path = Extensions;
			sourceTree = "<group>";
		};
		E5A36244285DCDBF0023BE49 /* LibraryTab */ = {
			isa = PBXGroup;
			children = (
				E5A36240285D94E60023BE49 /* WriteReviewViewController.swift */,
				E5F3A9B4285CE0DC000E0E7D /* LibraryDetailViewController.swift */,
				E59760CD285C171E00BA3DB0 /* LibraryViewController.swift */,
				E59760E0285C869100BA3DB0 /* AllViewController.swift */,
				E59760E2285C86B100BA3DB0 /* ReadingViewController.swift */,
				E59760E4285C86BC00BA3DB0 /* WillReadViewController.swift */,
				E59760E6285C86C400BA3DB0 /* DoneReadViewController.swift */,
			);
			path = LibraryTab;
			sourceTree = "<group>";
		};
		E5A36245285DCDD00023BE49 /* SearchTab */ = {
			isa = PBXGroup;
			children = (
				E5A6916628464372009F6048 /* SearchViewController.swift */,
				E59760CF285C228A00BA3DB0 /* BookDetailViewController.swift */,
				E59760DA285C774700BA3DB0 /* SelectLibraryViewController.swift */,
			);
			path = SearchTab;
			sourceTree = "<group>";
		};
		E5A36246285DCDEC0023BE49 /* MemoTab */ = {
			isa = PBXGroup;
			children = (
				E51A37882840F64B00DF074B /* MemoViewController.swift */,
			);
			path = MemoTab;
			sourceTree = "<group>";
		};
		E5A36247285DCE230023BE49 /* Managers */ = {
			isa = PBXGroup;
			children = (
				E5A3623C285D6F830023BE49 /* UserDefaultsManager.swift */,
				E59760E8285CA40D00BA3DB0 /* LibraryManager.swift */,
			);
			path = Managers;
			sourceTree = "<group>";
		};
		E5A36248285DCE370023BE49 /* Cells */ = {
			isa = PBXGroup;
			children = (
				E5A3624B285DCE600023BE49 /* MemoTab */,
				E5A3624A285DCE510023BE49 /* LibraryTab */,
				E5A36249285DCE400023BE49 /* SearchTab */,
			);
			path = Cells;
			sourceTree = "<group>";
		};
		E5A36249285DCE400023BE49 /* SearchTab */ = {
			isa = PBXGroup;
			children = (
				E5A6916A2846588E009F6048 /* BookListCell.swift */,
			);
			path = SearchTab;
			sourceTree = "<group>";
		};
		E5A3624A285DCE510023BE49 /* LibraryTab */ = {
			isa = PBXGroup;
			children = (
				E59760EA285CABE200BA3DB0 /* LibraryCollectionViewCell.swift */,
				E5A36242285DAFD50023BE49 /* LibraryDetailBookmarkCollectionViewCell.swift */,
			);
			path = LibraryTab;
			sourceTree = "<group>";
		};
		E5A3624B285DCE600023BE49 /* MemoTab */ = {
			isa = PBXGroup;
			children = (
				E5C75BB1285B32A600EF917E /* ReadingCollectionViewCell.swift */,
				E59760CB285C163500BA3DB0 /* BasicCollectionViewCell.swift */,
			);
			path = MemoTab;
			sourceTree = "<group>";
		};
		E5A3624C285DCE730023BE49 /* Views */ = {
			isa = PBXGroup;
			children = (
				E5A3624F285DCE960023BE49 /* LibraryTab */,
				E5A3624E285DCE8F0023BE49 /* MemoTab */,
				E5A3624D285DCE890023BE49 /* SearchTab */,
			);
			path = Views;
			sourceTree = "<group>";
		};
		E5A3624D285DCE890023BE49 /* SearchTab */ = {
			isa = PBXGroup;
			children = (
				E5145C612848683300B9555F /* LoadingFooterView.swift */,
			);
			path = SearchTab;
			sourceTree = "<group>";
		};
		E5A3624E285DCE8F0023BE49 /* MemoTab */ = {
			isa = PBXGroup;
			children = (
				E5F2F1E52841C16E007CF7C6 /* CollectionViewHeader.swift */,
				E592B5D7285B91E000E60FAC /* CollectionViewFooter.swift */,
			);
			path = MemoTab;
			sourceTree = "<group>";
		};
		E5A3624F285DCE960023BE49 /* LibraryTab */ = {
			isa = PBXGroup;
			children = (
			);
			path = LibraryTab;
			sourceTree = "<group>";
		};
		E5A6915E284639DD009F6048 /* Service */ = {
			isa = PBXGroup;
			children = (
				E5A6915F284639EE009F6048 /* SearchService.swift */,
			);
			path = Service;
			sourceTree = "<group>";
		};
		E5A6916128463A4A009F6048 /* Model */ = {
			isa = PBXGroup;
			children = (
				E5A6916428463A7E009F6048 /* BookResponseModel.swift */,
				E5A3623E285D72D30023BE49 /* LibraryBook.swift */,
				E5A36256285DE9470023BE49 /* Bookmark.swift */,
			);
			path = Model;
			sourceTree = "<group>";
		};
		E5F2F1DE2841B414007CF7C6 /* ViewModels */ = {
			isa = PBXGroup;
			children = (
				E5F2F1DF2841B421007CF7C6 /* MainViewModel.swift */,
				E5A6916C284659A7009F6048 /* SearchViewModel.swift */,
			);
			path = ViewModels;
			sourceTree = "<group>";
		};
/* End PBXGroup section */

/* Begin PBXNativeTarget section */
		E51A37802840F64B00DF074B /* Bukku */ = {
			isa = PBXNativeTarget;
			buildConfigurationList = E51A37952840F64D00DF074B /* Build configuration list for PBXNativeTarget "Bukku" */;
			buildPhases = (
				E51A377D2840F64B00DF074B /* Sources */,
				E51A377E2840F64B00DF074B /* Frameworks */,
				E51A377F2840F64B00DF074B /* Resources */,
			);
			buildRules = (
			);
			dependencies = (
			);
			name = Bukku;
			packageProductDependencies = (
				E51A379B2840FA4E00DF074B /* SnapKit */,
				E5A6915C284639CF009F6048 /* Alamofire */,
				E56B60BF284787F1003679CC /* Kingfisher */,
				E5C75BAB285B2DCD00EF917E /* RxCocoa */,
				E5C75BAD285B2DCD00EF917E /* RxSwift */,
				E59760D2285C675A00BA3DB0 /* Toast */,
				E59760D8285C763600BA3DB0 /* PanModal */,
				E59760DD285C834200BA3DB0 /* Tabman */,
				E5A36251285DD22D0023BE49 /* RSKPlaceholderTextView */,
				E5A36254285DD3EF0023BE49 /* JVFloatLabeledTextField */,
			);
			productName = Minimum;
			productReference = E51A37812840F64B00DF074B /* Bukku.app */;
			productType = "com.apple.product-type.application";
		};
/* End PBXNativeTarget section */

/* Begin PBXProject section */
		E51A37792840F64A00DF074B /* Project object */ = {
			isa = PBXProject;
			attributes = {
				BuildIndependentTargetsInParallel = 1;
				LastSwiftUpdateCheck = 1340;
				LastUpgradeCheck = 1340;
				TargetAttributes = {
					E51A37802840F64B00DF074B = {
						CreatedOnToolsVersion = 13.4;
					};
				};
			};
			buildConfigurationList = E51A377C2840F64A00DF074B /* Build configuration list for PBXProject "Bukku" */;
			compatibilityVersion = "Xcode 13.0";
			developmentRegion = en;
			hasScannedForEncodings = 0;
			knownRegions = (
				en,
				Base,
			);
			mainGroup = E51A37782840F64A00DF074B;
			packageReferences = (
				E51A379A2840FA4E00DF074B /* XCRemoteSwiftPackageReference "SnapKit" */,
				E5A6915B284639CF009F6048 /* XCRemoteSwiftPackageReference "Alamofire" */,
				E56B60BE284787F1003679CC /* XCRemoteSwiftPackageReference "Kingfisher" */,
				E5C75BAA285B2DCD00EF917E /* XCRemoteSwiftPackageReference "RxSwift" */,
				E59760D1285C675A00BA3DB0 /* XCRemoteSwiftPackageReference "Toast-Swift" */,
				E59760D7285C763600BA3DB0 /* XCRemoteSwiftPackageReference "PanModal" */,
				E59760DC285C834200BA3DB0 /* XCRemoteSwiftPackageReference "Tabman" */,
				E5A36250285DD22D0023BE49 /* XCRemoteSwiftPackageReference "RSKPlaceholderTextView" */,
				E5A36253285DD3EF0023BE49 /* XCRemoteSwiftPackageReference "JVFloatLabeledTextField" */,
			);
			productRefGroup = E51A37822840F64B00DF074B /* Products */;
			projectDirPath = "";
			projectRoot = "";
			targets = (
				E51A37802840F64B00DF074B /* Bukku */,
			);
		};
/* End PBXProject section */

/* Begin PBXResourcesBuildPhase section */
		E51A377F2840F64B00DF074B /* Resources */ = {
			isa = PBXResourcesBuildPhase;
			buildActionMask = 2147483647;
			files = (
				E51A37912840F64D00DF074B /* LaunchScreen.storyboard in Resources */,
				E51A378E2840F64D00DF074B /* Assets.xcassets in Resources */,
			);
			runOnlyForDeploymentPostprocessing = 0;
		};
/* End PBXResourcesBuildPhase section */

/* Begin PBXSourcesBuildPhase section */
		E51A377D2840F64B00DF074B /* Sources */ = {
			isa = PBXSourcesBuildPhase;
			buildActionMask = 2147483647;
			files = (
				E51A37892840F64B00DF074B /* MemoViewController.swift in Sources */,
				E592B5D8285B91E000E60FAC /* CollectionViewFooter.swift in Sources */,
				E59760CE285C171E00BA3DB0 /* LibraryViewController.swift in Sources */,
				E5A6916528463A7E009F6048 /* BookResponseModel.swift in Sources */,
				E59760DB285C774700BA3DB0 /* SelectLibraryViewController.swift in Sources */,
				E51A37992840FA3200DF074B /* TabBarController.swift in Sources */,
				E51A37852840F64B00DF074B /* AppDelegate.swift in Sources */,
				E51A379F2840FA7B00DF074B /* SettingsViewController.swift in Sources */,
				E59760EB285CABE200BA3DB0 /* LibraryCollectionViewCell.swift in Sources */,
				E51A37872840F64B00DF074B /* SceneDelegate.swift in Sources */,
				E5A3623F285D72D30023BE49 /* LibraryBook.swift in Sources */,
				E5A6916D284659A7009F6048 /* SearchViewModel.swift in Sources */,
				E5A6916B2846588E009F6048 /* BookListCell.swift in Sources */,
				E5A3623D285D6F830023BE49 /* UserDefaultsManager.swift in Sources */,
				E5C75BB2285B32A600EF917E /* ReadingCollectionViewCell.swift in Sources */,
				E5145C622848683300B9555F /* LoadingFooterView.swift in Sources */,
				E59760E1285C869100BA3DB0 /* AllViewController.swift in Sources */,
				E5A6916728464372009F6048 /* SearchViewController.swift in Sources */,
				E59760D0285C228A00BA3DB0 /* BookDetailViewController.swift in Sources */,
				E59760E7285C86C400BA3DB0 /* DoneReadViewController.swift in Sources */,
				E5A36241285D94E60023BE49 /* WriteReviewViewController.swift in Sources */,
				E59760CC285C163500BA3DB0 /* BasicCollectionViewCell.swift in Sources */,
				E59760E3285C86B100BA3DB0 /* ReadingViewController.swift in Sources */,
				E5A36243285DAFD50023BE49 /* LibraryDetailBookmarkCollectionViewCell.swift in Sources */,
				E5569B3F285E4D56007D927B /* Utilities.swift in Sources */,
				E5F2F1E62841C16E007CF7C6 /* CollectionViewHeader.swift in Sources */,
				E59760E9285CA40D00BA3DB0 /* LibraryManager.swift in Sources */,
				E59760E5285C86BC00BA3DB0 /* WillReadViewController.swift in Sources */,
				E5A69160284639EE009F6048 /* SearchService.swift in Sources */,
				E51A37A42840FDC400DF074B /* UIColor+Extensions.swift in Sources */,
				E5F2F1E02841B421007CF7C6 /* MainViewModel.swift in Sources */,
				E5F3A9B5285CE0DC000E0E7D /* LibraryDetailViewController.swift in Sources */,
				E5A36257285DE9470023BE49 /* Bookmark.swift in Sources */,
			);
			runOnlyForDeploymentPostprocessing = 0;
		};
/* End PBXSourcesBuildPhase section */

/* Begin PBXVariantGroup section */
		E51A378F2840F64D00DF074B /* LaunchScreen.storyboard */ = {
			isa = PBXVariantGroup;
			children = (
				E51A37902840F64D00DF074B /* Base */,
			);
			name = LaunchScreen.storyboard;
			sourceTree = "<group>";
		};
/* End PBXVariantGroup section */

/* Begin XCBuildConfiguration section */
		E51A37932840F64D00DF074B /* Debug */ = {
			isa = XCBuildConfiguration;
			buildSettings = {
				ALWAYS_SEARCH_USER_PATHS = NO;
				CLANG_ANALYZER_NONNULL = YES;
				CLANG_ANALYZER_NUMBER_OBJECT_CONVERSION = YES_AGGRESSIVE;
				CLANG_CXX_LANGUAGE_STANDARD = "gnu++17";
				CLANG_ENABLE_MODULES = YES;
				CLANG_ENABLE_OBJC_ARC = YES;
				CLANG_ENABLE_OBJC_WEAK = YES;
				CLANG_WARN_BLOCK_CAPTURE_AUTORELEASING = YES;
				CLANG_WARN_BOOL_CONVERSION = YES;
				CLANG_WARN_COMMA = YES;
				CLANG_WARN_CONSTANT_CONVERSION = YES;
				CLANG_WARN_DEPRECATED_OBJC_IMPLEMENTATIONS = YES;
				CLANG_WARN_DIRECT_OBJC_ISA_USAGE = YES_ERROR;
				CLANG_WARN_DOCUMENTATION_COMMENTS = YES;
				CLANG_WARN_EMPTY_BODY = YES;
				CLANG_WARN_ENUM_CONVERSION = YES;
				CLANG_WARN_INFINITE_RECURSION = YES;
				CLANG_WARN_INT_CONVERSION = YES;
				CLANG_WARN_NON_LITERAL_NULL_CONVERSION = YES;
				CLANG_WARN_OBJC_IMPLICIT_RETAIN_SELF = YES;
				CLANG_WARN_OBJC_LITERAL_CONVERSION = YES;
				CLANG_WARN_OBJC_ROOT_CLASS = YES_ERROR;
				CLANG_WARN_QUOTED_INCLUDE_IN_FRAMEWORK_HEADER = YES;
				CLANG_WARN_RANGE_LOOP_ANALYSIS = YES;
				CLANG_WARN_STRICT_PROTOTYPES = YES;
				CLANG_WARN_SUSPICIOUS_MOVE = YES;
				CLANG_WARN_UNGUARDED_AVAILABILITY = YES_AGGRESSIVE;
				CLANG_WARN_UNREACHABLE_CODE = YES;
				CLANG_WARN__DUPLICATE_METHOD_MATCH = YES;
				COPY_PHASE_STRIP = NO;
				DEBUG_INFORMATION_FORMAT = dwarf;
				ENABLE_STRICT_OBJC_MSGSEND = YES;
				ENABLE_TESTABILITY = YES;
				GCC_C_LANGUAGE_STANDARD = gnu11;
				GCC_DYNAMIC_NO_PIC = NO;
				GCC_NO_COMMON_BLOCKS = YES;
				GCC_OPTIMIZATION_LEVEL = 0;
				GCC_PREPROCESSOR_DEFINITIONS = (
					"DEBUG=1",
					"$(inherited)",
				);
				GCC_WARN_64_TO_32_BIT_CONVERSION = YES;
				GCC_WARN_ABOUT_RETURN_TYPE = YES_ERROR;
				GCC_WARN_UNDECLARED_SELECTOR = YES;
				GCC_WARN_UNINITIALIZED_AUTOS = YES_AGGRESSIVE;
				GCC_WARN_UNUSED_FUNCTION = YES;
				GCC_WARN_UNUSED_VARIABLE = YES;
				IPHONEOS_DEPLOYMENT_TARGET = 15.5;
				MTL_ENABLE_DEBUG_INFO = INCLUDE_SOURCE;
				MTL_FAST_MATH = YES;
				ONLY_ACTIVE_ARCH = YES;
				SDKROOT = iphoneos;
				SWIFT_ACTIVE_COMPILATION_CONDITIONS = DEBUG;
				SWIFT_OPTIMIZATION_LEVEL = "-Onone";
			};
			name = Debug;
		};
		E51A37942840F64D00DF074B /* Release */ = {
			isa = XCBuildConfiguration;
			buildSettings = {
				ALWAYS_SEARCH_USER_PATHS = NO;
				CLANG_ANALYZER_NONNULL = YES;
				CLANG_ANALYZER_NUMBER_OBJECT_CONVERSION = YES_AGGRESSIVE;
				CLANG_CXX_LANGUAGE_STANDARD = "gnu++17";
				CLANG_ENABLE_MODULES = YES;
				CLANG_ENABLE_OBJC_ARC = YES;
				CLANG_ENABLE_OBJC_WEAK = YES;
				CLANG_WARN_BLOCK_CAPTURE_AUTORELEASING = YES;
				CLANG_WARN_BOOL_CONVERSION = YES;
				CLANG_WARN_COMMA = YES;
				CLANG_WARN_CONSTANT_CONVERSION = YES;
				CLANG_WARN_DEPRECATED_OBJC_IMPLEMENTATIONS = YES;
				CLANG_WARN_DIRECT_OBJC_ISA_USAGE = YES_ERROR;
				CLANG_WARN_DOCUMENTATION_COMMENTS = YES;
				CLANG_WARN_EMPTY_BODY = YES;
				CLANG_WARN_ENUM_CONVERSION = YES;
				CLANG_WARN_INFINITE_RECURSION = YES;
				CLANG_WARN_INT_CONVERSION = YES;
				CLANG_WARN_NON_LITERAL_NULL_CONVERSION = YES;
				CLANG_WARN_OBJC_IMPLICIT_RETAIN_SELF = YES;
				CLANG_WARN_OBJC_LITERAL_CONVERSION = YES;
				CLANG_WARN_OBJC_ROOT_CLASS = YES_ERROR;
				CLANG_WARN_QUOTED_INCLUDE_IN_FRAMEWORK_HEADER = YES;
				CLANG_WARN_RANGE_LOOP_ANALYSIS = YES;
				CLANG_WARN_STRICT_PROTOTYPES = YES;
				CLANG_WARN_SUSPICIOUS_MOVE = YES;
				CLANG_WARN_UNGUARDED_AVAILABILITY = YES_AGGRESSIVE;
				CLANG_WARN_UNREACHABLE_CODE = YES;
				CLANG_WARN__DUPLICATE_METHOD_MATCH = YES;
				COPY_PHASE_STRIP = NO;
				DEBUG_INFORMATION_FORMAT = "dwarf-with-dsym";
				ENABLE_NS_ASSERTIONS = NO;
				ENABLE_STRICT_OBJC_MSGSEND = YES;
				GCC_C_LANGUAGE_STANDARD = gnu11;
				GCC_NO_COMMON_BLOCKS = YES;
				GCC_WARN_64_TO_32_BIT_CONVERSION = YES;
				GCC_WARN_ABOUT_RETURN_TYPE = YES_ERROR;
				GCC_WARN_UNDECLARED_SELECTOR = YES;
				GCC_WARN_UNINITIALIZED_AUTOS = YES_AGGRESSIVE;
				GCC_WARN_UNUSED_FUNCTION = YES;
				GCC_WARN_UNUSED_VARIABLE = YES;
				IPHONEOS_DEPLOYMENT_TARGET = 15.5;
				MTL_ENABLE_DEBUG_INFO = NO;
				MTL_FAST_MATH = YES;
				SDKROOT = iphoneos;
				SWIFT_COMPILATION_MODE = wholemodule;
				SWIFT_OPTIMIZATION_LEVEL = "-O";
				VALIDATE_PRODUCT = YES;
			};
			name = Release;
		};
		E51A37962840F64D00DF074B /* Debug */ = {
			isa = XCBuildConfiguration;
			buildSettings = {
				ASSETCATALOG_COMPILER_APPICON_NAME = AppIcon;
				ASSETCATALOG_COMPILER_GLOBAL_ACCENT_COLOR_NAME = AccentColor;
				CODE_SIGN_STYLE = Automatic;
				CURRENT_PROJECT_VERSION = 1;
				DEVELOPMENT_TEAM = 95JTZ6AP78;
				GENERATE_INFOPLIST_FILE = YES;
				INFOPLIST_FILE = Bukku/Info.plist;
				INFOPLIST_KEY_UIApplicationSupportsIndirectInputEvents = YES;
				INFOPLIST_KEY_UILaunchStoryboardName = LaunchScreen;
				INFOPLIST_KEY_UISupportedInterfaceOrientations_iPad = "UIInterfaceOrientationPortrait UIInterfaceOrientationPortraitUpsideDown UIInterfaceOrientationLandscapeLeft UIInterfaceOrientationLandscapeRight";
				INFOPLIST_KEY_UISupportedInterfaceOrientations_iPhone = "UIInterfaceOrientationPortrait UIInterfaceOrientationLandscapeLeft UIInterfaceOrientationLandscapeRight";
				LD_RUNPATH_SEARCH_PATHS = (
					"$(inherited)",
					"@executable_path/Frameworks",
				);
				MARKETING_VERSION = 1.0;
				PRODUCT_BUNDLE_IDENTIFIER = eungcheol.Bukku;
				PRODUCT_NAME = "$(TARGET_NAME)";
				SWIFT_EMIT_LOC_STRINGS = YES;
				SWIFT_VERSION = 5.0;
				TARGETED_DEVICE_FAMILY = "1,2";
			};
			name = Debug;
		};
		E51A37972840F64D00DF074B /* Release */ = {
			isa = XCBuildConfiguration;
			buildSettings = {
				ASSETCATALOG_COMPILER_APPICON_NAME = AppIcon;
				ASSETCATALOG_COMPILER_GLOBAL_ACCENT_COLOR_NAME = AccentColor;
				CODE_SIGN_STYLE = Automatic;
				CURRENT_PROJECT_VERSION = 1;
				DEVELOPMENT_TEAM = 95JTZ6AP78;
				GENERATE_INFOPLIST_FILE = YES;
				INFOPLIST_FILE = Bukku/Info.plist;
				INFOPLIST_KEY_UIApplicationSupportsIndirectInputEvents = YES;
				INFOPLIST_KEY_UILaunchStoryboardName = LaunchScreen;
				INFOPLIST_KEY_UISupportedInterfaceOrientations_iPad = "UIInterfaceOrientationPortrait UIInterfaceOrientationPortraitUpsideDown UIInterfaceOrientationLandscapeLeft UIInterfaceOrientationLandscapeRight";
				INFOPLIST_KEY_UISupportedInterfaceOrientations_iPhone = "UIInterfaceOrientationPortrait UIInterfaceOrientationLandscapeLeft UIInterfaceOrientationLandscapeRight";
				LD_RUNPATH_SEARCH_PATHS = (
					"$(inherited)",
					"@executable_path/Frameworks",
				);
				MARKETING_VERSION = 1.0;
				PRODUCT_BUNDLE_IDENTIFIER = eungcheol.Bukku;
				PRODUCT_NAME = "$(TARGET_NAME)";
				SWIFT_EMIT_LOC_STRINGS = YES;
				SWIFT_VERSION = 5.0;
				TARGETED_DEVICE_FAMILY = "1,2";
			};
			name = Release;
		};
/* End XCBuildConfiguration section */

/* Begin XCConfigurationList section */
		E51A377C2840F64A00DF074B /* Build configuration list for PBXProject "Bukku" */ = {
			isa = XCConfigurationList;
			buildConfigurations = (
				E51A37932840F64D00DF074B /* Debug */,
				E51A37942840F64D00DF074B /* Release */,
			);
			defaultConfigurationIsVisible = 0;
			defaultConfigurationName = Release;
		};
		E51A37952840F64D00DF074B /* Build configuration list for PBXNativeTarget "Bukku" */ = {
			isa = XCConfigurationList;
			buildConfigurations = (
				E51A37962840F64D00DF074B /* Debug */,
				E51A37972840F64D00DF074B /* Release */,
			);
			defaultConfigurationIsVisible = 0;
			defaultConfigurationName = Release;
		};
/* End XCConfigurationList section */

/* Begin XCRemoteSwiftPackageReference section */
		E51A379A2840FA4E00DF074B /* XCRemoteSwiftPackageReference "SnapKit" */ = {
			isa = XCRemoteSwiftPackageReference;
			repositoryURL = "https://github.com/SnapKit/SnapKit.git";
			requirement = {
				kind = upToNextMajorVersion;
				minimumVersion = 5.0.0;
			};
		};
		E56B60BE284787F1003679CC /* XCRemoteSwiftPackageReference "Kingfisher" */ = {
			isa = XCRemoteSwiftPackageReference;
			repositoryURL = "https://github.com/onevcat/Kingfisher";
			requirement = {
				kind = upToNextMinorVersion;
				minimumVersion = 7.2.0;
			};
		};
		E59760D1285C675A00BA3DB0 /* XCRemoteSwiftPackageReference "Toast-Swift" */ = {
			isa = XCRemoteSwiftPackageReference;
			repositoryURL = "https://github.com/scalessec/Toast-Swift.git";
			requirement = {
				kind = upToNextMajorVersion;
				minimumVersion = 5.0.0;
			};
		};
		E59760D7285C763600BA3DB0 /* XCRemoteSwiftPackageReference "PanModal" */ = {
			isa = XCRemoteSwiftPackageReference;
			repositoryURL = "https://github.com/slackhq/PanModal.git";
			requirement = {
				kind = upToNextMinorVersion;
				minimumVersion = 1.2.0;
			};
		};
		E59760DC285C834200BA3DB0 /* XCRemoteSwiftPackageReference "Tabman" */ = {
			isa = XCRemoteSwiftPackageReference;
			repositoryURL = "https://github.com/uias/Tabman.git";
			requirement = {
				kind = upToNextMinorVersion;
				minimumVersion = 2.9.0;
			};
		};
		E5A36250285DD22D0023BE49 /* XCRemoteSwiftPackageReference "RSKPlaceholderTextView" */ = {
			isa = XCRemoteSwiftPackageReference;
			repositoryURL = "https://github.com/ruslanskorb/RSKPlaceholderTextView.git";
			requirement = {
				kind = upToNextMajorVersion;
				minimumVersion = 6.0.0;
			};
		};
		E5A36253285DD3EF0023BE49 /* XCRemoteSwiftPackageReference "JVFloatLabeledTextField" */ = {
			isa = XCRemoteSwiftPackageReference;
			repositoryURL = "https://github.com/jverdi/JVFloatLabeledTextField.git";
			requirement = {
				kind = upToNextMajorVersion;
				minimumVersion = 1.0.0;
			};
		};
		E5A6915B284639CF009F6048 /* XCRemoteSwiftPackageReference "Alamofire" */ = {
			isa = XCRemoteSwiftPackageReference;
			repositoryURL = "https://github.com/Alamofire/Alamofire.git";
			requirement = {
				kind = upToNextMinorVersion;
				minimumVersion = 5.6.0;
			};
		};
		E5C75BAA285B2DCD00EF917E /* XCRemoteSwiftPackageReference "RxSwift" */ = {
			isa = XCRemoteSwiftPackageReference;
			repositoryURL = "https://github.com/ReactiveX/RxSwift.git";
			requirement = {
				kind = upToNextMajorVersion;
				minimumVersion = 6.0.0;
			};
		};
/* End XCRemoteSwiftPackageReference section */

/* Begin XCSwiftPackageProductDependency section */
		E51A379B2840FA4E00DF074B /* SnapKit */ = {
			isa = XCSwiftPackageProductDependency;
			package = E51A379A2840FA4E00DF074B /* XCRemoteSwiftPackageReference "SnapKit" */;
			productName = SnapKit;
		};
		E56B60BF284787F1003679CC /* Kingfisher */ = {
			isa = XCSwiftPackageProductDependency;
			package = E56B60BE284787F1003679CC /* XCRemoteSwiftPackageReference "Kingfisher" */;
			productName = Kingfisher;
		};
		E59760D2285C675A00BA3DB0 /* Toast */ = {
			isa = XCSwiftPackageProductDependency;
			package = E59760D1285C675A00BA3DB0 /* XCRemoteSwiftPackageReference "Toast-Swift" */;
			productName = Toast;
		};
		E59760D8285C763600BA3DB0 /* PanModal */ = {
			isa = XCSwiftPackageProductDependency;
			package = E59760D7285C763600BA3DB0 /* XCRemoteSwiftPackageReference "PanModal" */;
			productName = PanModal;
		};
		E59760DD285C834200BA3DB0 /* Tabman */ = {
			isa = XCSwiftPackageProductDependency;
			package = E59760DC285C834200BA3DB0 /* XCRemoteSwiftPackageReference "Tabman" */;
			productName = Tabman;
		};
		E5A36251285DD22D0023BE49 /* RSKPlaceholderTextView */ = {
			isa = XCSwiftPackageProductDependency;
			package = E5A36250285DD22D0023BE49 /* XCRemoteSwiftPackageReference "RSKPlaceholderTextView" */;
			productName = RSKPlaceholderTextView;
		};
		E5A36254285DD3EF0023BE49 /* JVFloatLabeledTextField */ = {
			isa = XCSwiftPackageProductDependency;
			package = E5A36253285DD3EF0023BE49 /* XCRemoteSwiftPackageReference "JVFloatLabeledTextField" */;
			productName = JVFloatLabeledTextField;
		};
		E5A6915C284639CF009F6048 /* Alamofire */ = {
			isa = XCSwiftPackageProductDependency;
			package = E5A6915B284639CF009F6048 /* XCRemoteSwiftPackageReference "Alamofire" */;
			productName = Alamofire;
		};
		E5C75BAB285B2DCD00EF917E /* RxCocoa */ = {
			isa = XCSwiftPackageProductDependency;
			package = E5C75BAA285B2DCD00EF917E /* XCRemoteSwiftPackageReference "RxSwift" */;
			productName = RxCocoa;
		};
		E5C75BAD285B2DCD00EF917E /* RxSwift */ = {
			isa = XCSwiftPackageProductDependency;
			package = E5C75BAA285B2DCD00EF917E /* XCRemoteSwiftPackageReference "RxSwift" */;
			productName = RxSwift;
		};
/* End XCSwiftPackageProductDependency section */
	};
	rootObject = E51A37792840F64A00DF074B /* Project object */;
}
