// !$*UTF8*$!
{
	archiveVersion = 1;
	classes = {
	};
	objectVersion = 55;
	objects = {

/* Begin PBXBuildFile section */
		E51A37852840F64B00DF074B /* AppDelegate.swift in Sources */ = {isa = PBXBuildFile; fileRef = E51A37842840F64B00DF074B /* AppDelegate.swift */; };
		E51A37872840F64B00DF074B /* SceneDelegate.swift in Sources */ = {isa = PBXBuildFile; fileRef = E51A37862840F64B00DF074B /* SceneDelegate.swift */; };
		E51A37892840F64B00DF074B /* MainViewController.swift in Sources */ = {isa = PBXBuildFile; fileRef = E51A37882840F64B00DF074B /* MainViewController.swift */; };
		E51A378E2840F64D00DF074B /* Assets.xcassets in Resources */ = {isa = PBXBuildFile; fileRef = E51A378D2840F64D00DF074B /* Assets.xcassets */; };
		E51A37912840F64D00DF074B /* LaunchScreen.storyboard in Resources */ = {isa = PBXBuildFile; fileRef = E51A378F2840F64D00DF074B /* LaunchScreen.storyboard */; };
		E51A37992840FA3200DF074B /* TabBarController.swift in Sources */ = {isa = PBXBuildFile; fileRef = E51A37982840FA3200DF074B /* TabBarController.swift */; };
		E51A379C2840FA4E00DF074B /* SnapKit in Frameworks */ = {isa = PBXBuildFile; productRef = E51A379B2840FA4E00DF074B /* SnapKit */; };
		E51A379F2840FA7B00DF074B /* SettingsViewController.swift in Sources */ = {isa = PBXBuildFile; fileRef = E51A379E2840FA7B00DF074B /* SettingsViewController.swift */; };
		E51A37A42840FDC400DF074B /* UIColor+.swift in Sources */ = {isa = PBXBuildFile; fileRef = E51A37A32840FDC400DF074B /* UIColor+.swift */; };
		E51A37A7284102E200DF074B /* FSCalendar in Frameworks */ = {isa = PBXBuildFile; productRef = E51A37A6284102E200DF074B /* FSCalendar */; };
/* End PBXBuildFile section */

/* Begin PBXFileReference section */
		E51A37812840F64B00DF074B /* Bukku.app */ = {isa = PBXFileReference; explicitFileType = wrapper.application; includeInIndex = 0; path = Bukku.app; sourceTree = BUILT_PRODUCTS_DIR; };
		E51A37842840F64B00DF074B /* AppDelegate.swift */ = {isa = PBXFileReference; lastKnownFileType = sourcecode.swift; path = AppDelegate.swift; sourceTree = "<group>"; };
		E51A37862840F64B00DF074B /* SceneDelegate.swift */ = {isa = PBXFileReference; lastKnownFileType = sourcecode.swift; path = SceneDelegate.swift; sourceTree = "<group>"; };
		E51A37882840F64B00DF074B /* MainViewController.swift */ = {isa = PBXFileReference; lastKnownFileType = sourcecode.swift; path = MainViewController.swift; sourceTree = "<group>"; };
		E51A378D2840F64D00DF074B /* Assets.xcassets */ = {isa = PBXFileReference; lastKnownFileType = folder.assetcatalog; path = Assets.xcassets; sourceTree = "<group>"; };
		E51A37902840F64D00DF074B /* Base */ = {isa = PBXFileReference; lastKnownFileType = file.storyboard; name = Base; path = Base.lproj/LaunchScreen.storyboard; sourceTree = "<group>"; };
		E51A37922840F64D00DF074B /* Info.plist */ = {isa = PBXFileReference; lastKnownFileType = text.plist.xml; path = Info.plist; sourceTree = "<group>"; };
		E51A37982840FA3200DF074B /* TabBarController.swift */ = {isa = PBXFileReference; lastKnownFileType = sourcecode.swift; path = TabBarController.swift; sourceTree = "<group>"; };
		E51A379E2840FA7B00DF074B /* SettingsViewController.swift */ = {isa = PBXFileReference; lastKnownFileType = sourcecode.swift; path = SettingsViewController.swift; sourceTree = "<group>"; };
		E51A37A32840FDC400DF074B /* UIColor+.swift */ = {isa = PBXFileReference; lastKnownFileType = sourcecode.swift; path = "UIColor+.swift"; sourceTree = "<group>"; };
/* End PBXFileReference section */

/* Begin PBXFrameworksBuildPhase section */
		E51A377E2840F64B00DF074B /* Frameworks */ = {
			isa = PBXFrameworksBuildPhase;
			buildActionMask = 2147483647;
			files = (
				E51A379C2840FA4E00DF074B /* SnapKit in Frameworks */,
				E51A37A7284102E200DF074B /* FSCalendar in Frameworks */,
			);
			runOnlyForDeploymentPostprocessing = 0;
		};
/* End PBXFrameworksBuildPhase section */

/* Begin PBXGroup section */
		E51A37782840F64A00DF074B = {
			isa = PBXGroup;
			children = (
				E51A37832840F64B00DF074B /* Bukku */,
				E51A37822840F64B00DF074B /* Products */,
			);
			sourceTree = "<group>";
		};
		E51A37822840F64B00DF074B /* Products */ = {
			isa = PBXGroup;
			children = (
				E51A37812840F64B00DF074B /* Bukku.app */,
			);
			name = Products;
			sourceTree = "<group>";
		};
		E51A37832840F64B00DF074B /* Bukku */ = {
			isa = PBXGroup;
			children = (
				E51A37842840F64B00DF074B /* AppDelegate.swift */,
				E51A37862840F64B00DF074B /* SceneDelegate.swift */,
				E51A379D2840FA6300DF074B /* Controllers */,
				E51A37A22840FDAE00DF074B /* Extensions+ */,
				E51A378D2840F64D00DF074B /* Assets.xcassets */,
				E51A378F2840F64D00DF074B /* LaunchScreen.storyboard */,
				E51A37922840F64D00DF074B /* Info.plist */,
			);
			path = Bukku;
			sourceTree = "<group>";
		};
		E51A379D2840FA6300DF074B /* Controllers */ = {
			isa = PBXGroup;
			children = (
				E51A37882840F64B00DF074B /* MainViewController.swift */,
				E51A379E2840FA7B00DF074B /* SettingsViewController.swift */,
				E51A37982840FA3200DF074B /* TabBarController.swift */,
			);
			path = Controllers;
			sourceTree = "<group>";
		};
		E51A37A22840FDAE00DF074B /* Extensions+ */ = {
			isa = PBXGroup;
			children = (
				E51A37A32840FDC400DF074B /* UIColor+.swift */,
			);
			path = "Extensions+";
			sourceTree = "<group>";
		};
/* End PBXGroup section */

/* Begin PBXNativeTarget section */
		E51A37802840F64B00DF074B /* Bukku */ = {
			isa = PBXNativeTarget;
			buildConfigurationList = E51A37952840F64D00DF074B /* Build configuration list for PBXNativeTarget "Bukku" */;
			buildPhases = (
				E51A377D2840F64B00DF074B /* Sources */,
				E51A377E2840F64B00DF074B /* Frameworks */,
				E51A377F2840F64B00DF074B /* Resources */,
			);
			buildRules = (
			);
			dependencies = (
			);
			name = Bukku;
			packageProductDependencies = (
				E51A379B2840FA4E00DF074B /* SnapKit */,
				E51A37A6284102E200DF074B /* FSCalendar */,
			);
			productName = Minimum;
			productReference = E51A37812840F64B00DF074B /* Bukku.app */;
			productType = "com.apple.product-type.application";
		};
/* End PBXNativeTarget section */

/* Begin PBXProject section */
		E51A37792840F64A00DF074B /* Project object */ = {
			isa = PBXProject;
			attributes = {
				BuildIndependentTargetsInParallel = 1;
				LastSwiftUpdateCheck = 1340;
				LastUpgradeCheck = 1340;
				TargetAttributes = {
					E51A37802840F64B00DF074B = {
						CreatedOnToolsVersion = 13.4;
					};
				};
			};
			buildConfigurationList = E51A377C2840F64A00DF074B /* Build configuration list for PBXProject "Bukku" */;
			compatibilityVersion = "Xcode 13.0";
			developmentRegion = en;
			hasScannedForEncodings = 0;
			knownRegions = (
				en,
				Base,
			);
			mainGroup = E51A37782840F64A00DF074B;
			packageReferences = (
				E51A379A2840FA4E00DF074B /* XCRemoteSwiftPackageReference "SnapKit" */,
				E51A37A5284102E200DF074B /* XCRemoteSwiftPackageReference "FSCalendar" */,
			);
			productRefGroup = E51A37822840F64B00DF074B /* Products */;
			projectDirPath = "";
			projectRoot = "";
			targets = (
				E51A37802840F64B00DF074B /* Bukku */,
			);
		};
/* End PBXProject section */

/* Begin PBXResourcesBuildPhase section */
		E51A377F2840F64B00DF074B /* Resources */ = {
			isa = PBXResourcesBuildPhase;
			buildActionMask = 2147483647;
			files = (
				E51A37912840F64D00DF074B /* LaunchScreen.storyboard in Resources */,
				E51A378E2840F64D00DF074B /* Assets.xcassets in Resources */,
			);
			runOnlyForDeploymentPostprocessing = 0;
		};
/* End PBXResourcesBuildPhase section */

/* Begin PBXSourcesBuildPhase section */
		E51A377D2840F64B00DF074B /* Sources */ = {
			isa = PBXSourcesBuildPhase;
			buildActionMask = 2147483647;
			files = (
				E51A37892840F64B00DF074B /* MainViewController.swift in Sources */,
				E51A37992840FA3200DF074B /* TabBarController.swift in Sources */,
				E51A37852840F64B00DF074B /* AppDelegate.swift in Sources */,
				E51A379F2840FA7B00DF074B /* SettingsViewController.swift in Sources */,
				E51A37872840F64B00DF074B /* SceneDelegate.swift in Sources */,
				E51A37A42840FDC400DF074B /* UIColor+.swift in Sources */,
			);
			runOnlyForDeploymentPostprocessing = 0;
		};
/* End PBXSourcesBuildPhase section */

/* Begin PBXVariantGroup section */
		E51A378F2840F64D00DF074B /* LaunchScreen.storyboard */ = {
			isa = PBXVariantGroup;
			children = (
				E51A37902840F64D00DF074B /* Base */,
			);
			name = LaunchScreen.storyboard;
			sourceTree = "<group>";
		};
/* End PBXVariantGroup section */

/* Begin XCBuildConfiguration section */
		E51A37932840F64D00DF074B /* Debug */ = {
			isa = XCBuildConfiguration;
			buildSettings = {
				ALWAYS_SEARCH_USER_PATHS = NO;
				CLANG_ANALYZER_NONNULL = YES;
				CLANG_ANALYZER_NUMBER_OBJECT_CONVERSION = YES_AGGRESSIVE;
				CLANG_CXX_LANGUAGE_STANDARD = "gnu++17";
				CLANG_ENABLE_MODULES = YES;
				CLANG_ENABLE_OBJC_ARC = YES;
				CLANG_ENABLE_OBJC_WEAK = YES;
				CLANG_WARN_BLOCK_CAPTURE_AUTORELEASING = YES;
				CLANG_WARN_BOOL_CONVERSION = YES;
				CLANG_WARN_COMMA = YES;
				CLANG_WARN_CONSTANT_CONVERSION = YES;
				CLANG_WARN_DEPRECATED_OBJC_IMPLEMENTATIONS = YES;
				CLANG_WARN_DIRECT_OBJC_ISA_USAGE = YES_ERROR;
				CLANG_WARN_DOCUMENTATION_COMMENTS = YES;
				CLANG_WARN_EMPTY_BODY = YES;
				CLANG_WARN_ENUM_CONVERSION = YES;
				CLANG_WARN_INFINITE_RECURSION = YES;
				CLANG_WARN_INT_CONVERSION = YES;
				CLANG_WARN_NON_LITERAL_NULL_CONVERSION = YES;
				CLANG_WARN_OBJC_IMPLICIT_RETAIN_SELF = YES;
				CLANG_WARN_OBJC_LITERAL_CONVERSION = YES;
				CLANG_WARN_OBJC_ROOT_CLASS = YES_ERROR;
				CLANG_WARN_QUOTED_INCLUDE_IN_FRAMEWORK_HEADER = YES;
				CLANG_WARN_RANGE_LOOP_ANALYSIS = YES;
				CLANG_WARN_STRICT_PROTOTYPES = YES;
				CLANG_WARN_SUSPICIOUS_MOVE = YES;
				CLANG_WARN_UNGUARDED_AVAILABILITY = YES_AGGRESSIVE;
				CLANG_WARN_UNREACHABLE_CODE = YES;
				CLANG_WARN__DUPLICATE_METHOD_MATCH = YES;
				COPY_PHASE_STRIP = NO;
				DEBUG_INFORMATION_FORMAT = dwarf;
				ENABLE_STRICT_OBJC_MSGSEND = YES;
				ENABLE_TESTABILITY = YES;
				GCC_C_LANGUAGE_STANDARD = gnu11;
				GCC_DYNAMIC_NO_PIC = NO;
				GCC_NO_COMMON_BLOCKS = YES;
				GCC_OPTIMIZATION_LEVEL = 0;
				GCC_PREPROCESSOR_DEFINITIONS = (
					"DEBUG=1",
					"$(inherited)",
				);
				GCC_WARN_64_TO_32_BIT_CONVERSION = YES;
				GCC_WARN_ABOUT_RETURN_TYPE = YES_ERROR;
				GCC_WARN_UNDECLARED_SELECTOR = YES;
				GCC_WARN_UNINITIALIZED_AUTOS = YES_AGGRESSIVE;
				GCC_WARN_UNUSED_FUNCTION = YES;
				GCC_WARN_UNUSED_VARIABLE = YES;
				IPHONEOS_DEPLOYMENT_TARGET = 15.5;
				MTL_ENABLE_DEBUG_INFO = INCLUDE_SOURCE;
				MTL_FAST_MATH = YES;
				ONLY_ACTIVE_ARCH = YES;
				SDKROOT = iphoneos;
				SWIFT_ACTIVE_COMPILATION_CONDITIONS = DEBUG;
				SWIFT_OPTIMIZATION_LEVEL = "-Onone";
			};
			name = Debug;
		};
		E51A37942840F64D00DF074B /* Release */ = {
			isa = XCBuildConfiguration;
			buildSettings = {
				ALWAYS_SEARCH_USER_PATHS = NO;
				CLANG_ANALYZER_NONNULL = YES;
				CLANG_ANALYZER_NUMBER_OBJECT_CONVERSION = YES_AGGRESSIVE;
				CLANG_CXX_LANGUAGE_STANDARD = "gnu++17";
				CLANG_ENABLE_MODULES = YES;
				CLANG_ENABLE_OBJC_ARC = YES;
				CLANG_ENABLE_OBJC_WEAK = YES;
				CLANG_WARN_BLOCK_CAPTURE_AUTORELEASING = YES;
				CLANG_WARN_BOOL_CONVERSION = YES;
				CLANG_WARN_COMMA = YES;
				CLANG_WARN_CONSTANT_CONVERSION = YES;
				CLANG_WARN_DEPRECATED_OBJC_IMPLEMENTATIONS = YES;
				CLANG_WARN_DIRECT_OBJC_ISA_USAGE = YES_ERROR;
				CLANG_WARN_DOCUMENTATION_COMMENTS = YES;
				CLANG_WARN_EMPTY_BODY = YES;
				CLANG_WARN_ENUM_CONVERSION = YES;
				CLANG_WARN_INFINITE_RECURSION = YES;
				CLANG_WARN_INT_CONVERSION = YES;
				CLANG_WARN_NON_LITERAL_NULL_CONVERSION = YES;
				CLANG_WARN_OBJC_IMPLICIT_RETAIN_SELF = YES;
				CLANG_WARN_OBJC_LITERAL_CONVERSION = YES;
				CLANG_WARN_OBJC_ROOT_CLASS = YES_ERROR;
				CLANG_WARN_QUOTED_INCLUDE_IN_FRAMEWORK_HEADER = YES;
				CLANG_WARN_RANGE_LOOP_ANALYSIS = YES;
				CLANG_WARN_STRICT_PROTOTYPES = YES;
				CLANG_WARN_SUSPICIOUS_MOVE = YES;
				CLANG_WARN_UNGUARDED_AVAILABILITY = YES_AGGRESSIVE;
				CLANG_WARN_UNREACHABLE_CODE = YES;
				CLANG_WARN__DUPLICATE_METHOD_MATCH = YES;
				COPY_PHASE_STRIP = NO;
				DEBUG_INFORMATION_FORMAT = "dwarf-with-dsym";
				ENABLE_NS_ASSERTIONS = NO;
				ENABLE_STRICT_OBJC_MSGSEND = YES;
				GCC_C_LANGUAGE_STANDARD = gnu11;
				GCC_NO_COMMON_BLOCKS = YES;
				GCC_WARN_64_TO_32_BIT_CONVERSION = YES;
				GCC_WARN_ABOUT_RETURN_TYPE = YES_ERROR;
				GCC_WARN_UNDECLARED_SELECTOR = YES;
				GCC_WARN_UNINITIALIZED_AUTOS = YES_AGGRESSIVE;
				GCC_WARN_UNUSED_FUNCTION = YES;
				GCC_WARN_UNUSED_VARIABLE = YES;
				IPHONEOS_DEPLOYMENT_TARGET = 15.5;
				MTL_ENABLE_DEBUG_INFO = NO;
				MTL_FAST_MATH = YES;
				SDKROOT = iphoneos;
				SWIFT_COMPILATION_MODE = wholemodule;
				SWIFT_OPTIMIZATION_LEVEL = "-O";
				VALIDATE_PRODUCT = YES;
			};
			name = Release;
		};
		E51A37962840F64D00DF074B /* Debug */ = {
			isa = XCBuildConfiguration;
			buildSettings = {
				ASSETCATALOG_COMPILER_APPICON_NAME = AppIcon;
				ASSETCATALOG_COMPILER_GLOBAL_ACCENT_COLOR_NAME = AccentColor;
				CODE_SIGN_STYLE = Automatic;
				CURRENT_PROJECT_VERSION = 1;
				DEVELOPMENT_TEAM = 95JTZ6AP78;
				GENERATE_INFOPLIST_FILE = YES;
				INFOPLIST_FILE = Minimum/Info.plist;
				INFOPLIST_KEY_UIApplicationSupportsIndirectInputEvents = YES;
				INFOPLIST_KEY_UILaunchStoryboardName = LaunchScreen;
				INFOPLIST_KEY_UISupportedInterfaceOrientations_iPad = "UIInterfaceOrientationPortrait UIInterfaceOrientationPortraitUpsideDown UIInterfaceOrientationLandscapeLeft UIInterfaceOrientationLandscapeRight";
				INFOPLIST_KEY_UISupportedInterfaceOrientations_iPhone = "UIInterfaceOrientationPortrait UIInterfaceOrientationLandscapeLeft UIInterfaceOrientationLandscapeRight";
				LD_RUNPATH_SEARCH_PATHS = (
					"$(inherited)",
					"@executable_path/Frameworks",
				);
				MARKETING_VERSION = 1.0;
				PRODUCT_BUNDLE_IDENTIFIER = eungcheol.Minimum;
				PRODUCT_NAME = "$(TARGET_NAME)";
				SWIFT_EMIT_LOC_STRINGS = YES;
				SWIFT_VERSION = 5.0;
				TARGETED_DEVICE_FAMILY = "1,2";
			};
			name = Debug;
		};
		E51A37972840F64D00DF074B /* Release */ = {
			isa = XCBuildConfiguration;
			buildSettings = {
				ASSETCATALOG_COMPILER_APPICON_NAME = AppIcon;
				ASSETCATALOG_COMPILER_GLOBAL_ACCENT_COLOR_NAME = AccentColor;
				CODE_SIGN_STYLE = Automatic;
				CURRENT_PROJECT_VERSION = 1;
				DEVELOPMENT_TEAM = 95JTZ6AP78;
				GENERATE_INFOPLIST_FILE = YES;
				INFOPLIST_FILE = Minimum/Info.plist;
				INFOPLIST_KEY_UIApplicationSupportsIndirectInputEvents = YES;
				INFOPLIST_KEY_UILaunchStoryboardName = LaunchScreen;
				INFOPLIST_KEY_UISupportedInterfaceOrientations_iPad = "UIInterfaceOrientationPortrait UIInterfaceOrientationPortraitUpsideDown UIInterfaceOrientationLandscapeLeft UIInterfaceOrientationLandscapeRight";
				INFOPLIST_KEY_UISupportedInterfaceOrientations_iPhone = "UIInterfaceOrientationPortrait UIInterfaceOrientationLandscapeLeft UIInterfaceOrientationLandscapeRight";
				LD_RUNPATH_SEARCH_PATHS = (
					"$(inherited)",
					"@executable_path/Frameworks",
				);
				MARKETING_VERSION = 1.0;
				PRODUCT_BUNDLE_IDENTIFIER = eungcheol.Minimum;
				PRODUCT_NAME = "$(TARGET_NAME)";
				SWIFT_EMIT_LOC_STRINGS = YES;
				SWIFT_VERSION = 5.0;
				TARGETED_DEVICE_FAMILY = "1,2";
			};
			name = Release;
		};
/* End XCBuildConfiguration section */

/* Begin XCConfigurationList section */
		E51A377C2840F64A00DF074B /* Build configuration list for PBXProject "Bukku" */ = {
			isa = XCConfigurationList;
			buildConfigurations = (
				E51A37932840F64D00DF074B /* Debug */,
				E51A37942840F64D00DF074B /* Release */,
			);
			defaultConfigurationIsVisible = 0;
			defaultConfigurationName = Release;
		};
		E51A37952840F64D00DF074B /* Build configuration list for PBXNativeTarget "Bukku" */ = {
			isa = XCConfigurationList;
			buildConfigurations = (
				E51A37962840F64D00DF074B /* Debug */,
				E51A37972840F64D00DF074B /* Release */,
			);
			defaultConfigurationIsVisible = 0;
			defaultConfigurationName = Release;
		};
/* End XCConfigurationList section */

/* Begin XCRemoteSwiftPackageReference section */
		E51A379A2840FA4E00DF074B /* XCRemoteSwiftPackageReference "SnapKit" */ = {
			isa = XCRemoteSwiftPackageReference;
			repositoryURL = "https://github.com/SnapKit/SnapKit.git";
			requirement = {
				kind = upToNextMajorVersion;
				minimumVersion = 5.0.0;
			};
		};
		E51A37A5284102E200DF074B /* XCRemoteSwiftPackageReference "FSCalendar" */ = {
			isa = XCRemoteSwiftPackageReference;
			repositoryURL = "https://github.com/WenchaoD/FSCalendar.git";
			requirement = {
				kind = upToNextMinorVersion;
				minimumVersion = 2.8.0;
			};
		};
/* End XCRemoteSwiftPackageReference section */

/* Begin XCSwiftPackageProductDependency section */
		E51A379B2840FA4E00DF074B /* SnapKit */ = {
			isa = XCSwiftPackageProductDependency;
			package = E51A379A2840FA4E00DF074B /* XCRemoteSwiftPackageReference "SnapKit" */;
			productName = SnapKit;
		};
		E51A37A6284102E200DF074B /* FSCalendar */ = {
			isa = XCSwiftPackageProductDependency;
			package = E51A37A5284102E200DF074B /* XCRemoteSwiftPackageReference "FSCalendar" */;
			productName = FSCalendar;
		};
/* End XCSwiftPackageProductDependency section */
	};
	rootObject = E51A37792840F64A00DF074B /* Project object */;
}
